
Microsoft Visual Studio Solution File, Format Version 12.00
# Visual Studio Version 16
VisualStudioVersion = 16.0.32602.291
MinimumVisualStudioVersion = 10.0.40219.1
Project("{FAE04EC0-301F-11D3-BF4B-00C04F79EFBC}") = "foodbillingapplication", "foodbillingapplication\foodbillingapplication.csproj", "{200C1B92-726D-42B5-8E7C-020A346A9995}"
EndProject
Global
	GlobalSection(SolutionConfigurationPlatforms) = preSolution
		Debug|Any CPU = Debug|Any CPU
		Release|Any CPU = Release|Any CPU
	EndGlobalSection
	GlobalSection(ProjectConfigurationPlatforms) = postSolution
		{200C1B92-726D-42B5-8E7C-020A346A9995}.Debug|Any CPU.ActiveCfg = Debug|Any CPU
		{200C1B92-726D-42B5-8E7C-020A346A9995}.Debug|Any CPU.Build.0 = Debug|Any CPU
		{200C1B92-726D-42B5-8E7C-020A346A9995}.Release|Any CPU.ActiveCfg = Release|Any CPU
		{200C1B92-726D-42B5-8E7C-020A346A9995}.Release|Any CPU.Build.0 = Release|Any CPU
	EndGlobalSection
	GlobalSection(SolutionProperties) = preSolution
		HideSolutionNode = FALSE
	EndGlobalSection
	GlobalSection(ExtensibilityGlobals) = postSolution
		SolutionGuid = {80D0D229-1220-408D-AB2D-C4A8B7E405DB}
	EndGlobalSection
EndGlobal
