
Microsoft Visual Studio Solution File, Format Version 12.00
# Visual Studio Version 16
VisualStudioVersion = 16.0.32602.291
MinimumVisualStudioVersion = 10.0.40219.1
Project("{FAE04EC0-301F-11D3-BF4B-00C04F79EFBC}") = "foodbillingexpresscls", "foodbillingexpresscls\foodbillingexpresscls.csproj", "{AFEE5CCE-DE4C-4174-9056-8B965122A771}"
EndProject
Global
	GlobalSection(SolutionConfigurationPlatforms) = preSolution
		Debug|Any CPU = Debug|Any CPU
		Release|Any CPU = Release|Any CPU
	EndGlobalSection
	GlobalSection(ProjectConfigurationPlatforms) = postSolution
		{AFEE5CCE-DE4C-4174-9056-8B965122A771}.Debug|Any CPU.ActiveCfg = Debug|Any CPU
		{AFEE5CCE-DE4C-4174-9056-8B965122A771}.Debug|Any CPU.Build.0 = Debug|Any CPU
		{AFEE5CCE-DE4C-4174-9056-8B965122A771}.Release|Any CPU.ActiveCfg = Release|Any CPU
		{AFEE5CCE-DE4C-4174-9056-8B965122A771}.Release|Any CPU.Build.0 = Release|Any CPU
	EndGlobalSection
	GlobalSection(SolutionProperties) = preSolution
		HideSolutionNode = FALSE
	EndGlobalSection
	GlobalSection(ExtensibilityGlobals) = postSolution
		SolutionGuid = {7122E41F-0345-4E24-A5C4-E656E167847F}
	EndGlobalSection
EndGlobal
